github.com/tinywasm/ddl v0.0.12 h1:vIX4BdWyxgX9rxzXONerFjf9es60S+pqbFFc0yiMJQ8=
github.com/tinywasm/ddl v0.0.12/go.mod h1:xY1lGWWzKq8wFecGzkz2bjBud5fE1yDp9kBa1dzYqns=
github.com/tinywasm/fmt v0.25.7 h1:Rju5B7LfrGu2QOA0L5IN0Cb9NwH5h8afGbawnF59Mec=
github.com/tinywasm/fmt v0.25.7/go.mod h1:2Y4hlsQxqVsZ5z9vQL5XQbEzLQtQOr1Bhp44nPGfydA=
github.com/tinywasm/model v0.1.7 h1:uDhFLmF/lr4IqFfFX22Kpw0RvVbMr2SH+P9K5l+Khr8=
github.com/tinywasm/model v0.1.7/go.mod h1:kMRzuf72yzUh2k9CCA9Yn/FEGs4gTjW7FsyCvlo9HwU=
github.com/tinywasm/orm v0.11.10 h1:md6mzTHXVpmCovScOI4/7Ij/T9b/C47DYZr3T9kNDOc=
github.com/tinywasm/orm v0.11.10/go.mod h1:/oI2zjllgKQPdAAQrCjBrBi0nkYz9p1pgpQbA1ukNgc=
github.com/tinywasm/storage v0.0.6 h1:oVq7M2DtgOAbVaforOfqldMJanuXXCWSzGPFuLREWmo=
github.com/tinywasm/storage v0.0.6/go.mod h1:C0aOrbutiiLKSL1WLc5hvAiEB4+v0BLh0Jv+W07YxzQ=
github.com/tinywasm/user v0.3.11 h1:mLeTAMjA8eyyZMx/YnHbbYKHTVqdxCOqulaKaXWje5c=
github.com/tinywasm/user v0.3.11/go.mod h1:PjZ7XduFeDUz+S72ss5A2v+6NOP7BsVU/kxPImqxHfE=
